
Microsoft Visual Studio Solution File, Format Version 12.00
# Visual Studio 2015
Project("{FAE04EC0-301F-11D3-BF4B-00C04F79EFBC}") = "TPS.CSharp", "TPS.CSharp.csproj", "{7DD7710A-6DD4-2D3E-348C-6FAA7669D460}"
EndProject
Global
	GlobalSection(SolutionConfigurationPlatforms) = preSolution
		Debug|Any CPU = Debug|Any CPU
		Release|Any CPU = Release|Any CPU
	EndGlobalSection
	GlobalSection(ProjectConfigurationPlatforms) = postSolution
		{7DD7710A-6DD4-2D3E-348C-6FAA7669D460}.Debug|Any CPU.ActiveCfg = Debug|Any CPU
		{7DD7710A-6DD4-2D3E-348C-6FAA7669D460}.Debug|Any CPU.Build.0 = Debug|Any CPU
		{7DD7710A-6DD4-2D3E-348C-6FAA7669D460}.Release|Any CPU.ActiveCfg = Release|Any CPU
		{7DD7710A-6DD4-2D3E-348C-6FAA7669D460}.Release|Any CPU.Build.0 = Release|Any CPU
	EndGlobalSection
	GlobalSection(SolutionProperties) = preSolution
		HideSolutionNode = FALSE
	EndGlobalSection
EndGlobal
